
Microsoft Visual Studio Solution File, Format Version 12.00
# Visual Studio 15
VisualStudioVersion = 15.0.27004.2006
MinimumVisualStudioVersion = 10.0.40219.1
Project("{FAE04EC0-301F-11D3-BF4B-00C04F79EFBC}") = "SaneadoDatos", "SaneadoDatos\SaneadoDatos.csproj", "{DFC48B9C-1F35-44A3-9696-58FB510B230A}"
EndProject
Global
	GlobalSection(SolutionConfigurationPlatforms) = preSolution
		Debug|Any CPU = Debug|Any CPU
		Release|Any CPU = Release|Any CPU
	EndGlobalSection
	GlobalSection(ProjectConfigurationPlatforms) = postSolution
		{DFC48B9C-1F35-44A3-9696-58FB510B230A}.Debug|Any CPU.ActiveCfg = Debug|Any CPU
		{DFC48B9C-1F35-44A3-9696-58FB510B230A}.Debug|Any CPU.Build.0 = Debug|Any CPU
		{DFC48B9C-1F35-44A3-9696-58FB510B230A}.Release|Any CPU.ActiveCfg = Release|Any CPU
		{DFC48B9C-1F35-44A3-9696-58FB510B230A}.Release|Any CPU.Build.0 = Release|Any CPU
	EndGlobalSection
	GlobalSection(SolutionProperties) = preSolution
		HideSolutionNode = FALSE
	EndGlobalSection
	GlobalSection(ExtensibilityGlobals) = postSolution
		SolutionGuid = {CAC286A6-BE0E-40E0-A6D8-CF50654E2E21}
	EndGlobalSection
EndGlobal
